
Microsoft Visual Studio Solution File, Format Version 12.00
# Visual Studio Version 17
VisualStudioVersion = 17.2.32630.192
MinimumVisualStudioVersion = 10.0.40219.1
Project("{FAE04EC0-301F-11D3-BF4B-00C04F79EFBC}") = "Bookstore.API", "src\Bookstore.API\Bookstore.API.csproj", "{4D6220DF-BA70-4DD9-8B74-3A108960A411}"
EndProject
Project("{FAE04EC0-301F-11D3-BF4B-00C04F79EFBC}") = "Bookstore.Domain", "src\Bookstore.Domain\Bookstore.Domain.csproj", "{D4DE4665-5DE2-4911-8DB6-EA1DA5E954A9}"
EndProject
Project("{FAE04EC0-301F-11D3-BF4B-00C04F79EFBC}") = "Bookstore.Infrastructure", "src\Bookstore.Infrastructure\Bookstore.Infrastructure.csproj", "{50750802-7EC7-424A-8B51-9213BC59CCA9}"
EndProject
Project("{2150E333-8FDC-42A3-9474-1A3956D46DE8}") = "tets", "tets", "{55F57478-3DA8-4FF0-BD98-D0FC03DEF70F}"
EndProject
Global
	GlobalSection(SolutionConfigurationPlatforms) = preSolution
		Debug|Any CPU = Debug|Any CPU
		Release|Any CPU = Release|Any CPU
	EndGlobalSection
	GlobalSection(ProjectConfigurationPlatforms) = postSolution
		{4D6220DF-BA70-4DD9-8B74-3A108960A411}.Debug|Any CPU.ActiveCfg = Debug|Any CPU
		{4D6220DF-BA70-4DD9-8B74-3A108960A411}.Debug|Any CPU.Build.0 = Debug|Any CPU
		{4D6220DF-BA70-4DD9-8B74-3A108960A411}.Release|Any CPU.ActiveCfg = Release|Any CPU
		{4D6220DF-BA70-4DD9-8B74-3A108960A411}.Release|Any CPU.Build.0 = Release|Any CPU
		{D4DE4665-5DE2-4911-8DB6-EA1DA5E954A9}.Debug|Any CPU.ActiveCfg = Debug|Any CPU
		{D4DE4665-5DE2-4911-8DB6-EA1DA5E954A9}.Debug|Any CPU.Build.0 = Debug|Any CPU
		{D4DE4665-5DE2-4911-8DB6-EA1DA5E954A9}.Release|Any CPU.ActiveCfg = Release|Any CPU
		{D4DE4665-5DE2-4911-8DB6-EA1DA5E954A9}.Release|Any CPU.Build.0 = Release|Any CPU
		{50750802-7EC7-424A-8B51-9213BC59CCA9}.Debug|Any CPU.ActiveCfg = Debug|Any CPU
		{50750802-7EC7-424A-8B51-9213BC59CCA9}.Debug|Any CPU.Build.0 = Debug|Any CPU
		{50750802-7EC7-424A-8B51-9213BC59CCA9}.Release|Any CPU.ActiveCfg = Release|Any CPU
		{50750802-7EC7-424A-8B51-9213BC59CCA9}.Release|Any CPU.Build.0 = Release|Any CPU
	EndGlobalSection
	GlobalSection(SolutionProperties) = preSolution
		HideSolutionNode = FALSE
	EndGlobalSection
	GlobalSection(ExtensibilityGlobals) = postSolution
		SolutionGuid = {5FCF9547-5687-4228-8281-CA31A37F7236}
	EndGlobalSection
EndGlobal
